// !$*UTF8*$!
{
	archiveVersion = 1;
	classes = {
	};
	objectVersion = 46;
	objects = {

/* Begin PBXBuildFile section */
		2C440FDA1D15C5F100C3290B /* AppDelegate.swift in Sources */ = {isa = PBXBuildFile; fileRef = 2C440FD91D15C5F100C3290B /* AppDelegate.swift */; };
		2C440FDC1D15C5F100C3290B /* ViewController.swift in Sources */ = {isa = PBXBuildFile; fileRef = 2C440FDB1D15C5F100C3290B /* ViewController.swift */; };
		2C440FDF1D15C5F100C3290B /* Main.storyboard in Resources */ = {isa = PBXBuildFile; fileRef = 2C440FDD1D15C5F100C3290B /* Main.storyboard */; };
		2C440FE21D15C5F100C3290B /* TestProject.xcdatamodeld in Sources */ = {isa = PBXBuildFile; fileRef = 2C440FE01D15C5F100C3290B /* TestProject.xcdatamodeld */; };
		2C440FE41D15C5F100C3290B /* Assets.xcassets in Resources */ = {isa = PBXBuildFile; fileRef = 2C440FE31D15C5F100C3290B /* Assets.xcassets */; };
		2C440FE71D15C5F100C3290B /* LaunchScreen.storyboard in Resources */ = {isa = PBXBuildFile; fileRef = 2C440FE51D15C5F100C3290B /* LaunchScreen.storyboard */; };
		2C440FF21D15C5F100C3290B /* TestProjectTests.swift in Sources */ = {isa = PBXBuildFile; fileRef = 2C440FF11D15C5F100C3290B /* TestProjectTests.swift */; };
		2C440FFD1D15C5F100C3290B /* TestProjectUITests.swift in Sources */ = {isa = PBXBuildFile; fileRef = 2C440FFC1D15C5F100C3290B /* TestProjectUITests.swift */; };
		2C44101E1D15C68000C3290B /* AFHTTPRequestOperation.m in Sources */ = {isa = PBXBuildFile; fileRef = 2C44100C1D15C68000C3290B /* AFHTTPRequestOperation.m */; };
		2C44101F1D15C68000C3290B /* AFHTTPRequestOperationManager.m in Sources */ = {isa = PBXBuildFile; fileRef = 2C44100E1D15C68000C3290B /* AFHTTPRequestOperationManager.m */; };
		2C4410201D15C68000C3290B /* AFHTTPSessionManager.m in Sources */ = {isa = PBXBuildFile; fileRef = 2C4410101D15C68000C3290B /* AFHTTPSessionManager.m */; };
		2C4410211D15C68000C3290B /* AFNetworkReachabilityManager.m in Sources */ = {isa = PBXBuildFile; fileRef = 2C4410131D15C68000C3290B /* AFNetworkReachabilityManager.m */; };
		2C4410221D15C68000C3290B /* AFSecurityPolicy.m in Sources */ = {isa = PBXBuildFile; fileRef = 2C4410151D15C68000C3290B /* AFSecurityPolicy.m */; };
		2C4410231D15C68000C3290B /* AFURLConnectionOperation.m in Sources */ = {isa = PBXBuildFile; fileRef = 2C4410171D15C68000C3290B /* AFURLConnectionOperation.m */; };
		2C4410241D15C68000C3290B /* AFURLRequestSerialization.m in Sources */ = {isa = PBXBuildFile; fileRef = 2C4410191D15C68000C3290B /* AFURLRequestSerialization.m */; };
		2C4410251D15C68000C3290B /* AFURLResponseSerialization.m in Sources */ = {isa = PBXBuildFile; fileRef = 2C44101B1D15C68000C3290B /* AFURLResponseSerialization.m */; };
		2C4410261D15C68000C3290B /* AFURLSessionManager.m in Sources */ = {isa = PBXBuildFile; fileRef = 2C44101D1D15C68000C3290B /* AFURLSessionManager.m */; };
		2C44102D1D15C70600C3290B /* APIConstants.swift in Sources */ = {isa = PBXBuildFile; fileRef = 2C4410281D15C70600C3290B /* APIConstants.swift */; };
		2C44102E1D15C70600C3290B /* APIManager.swift in Sources */ = {isa = PBXBuildFile; fileRef = 2C4410291D15C70600C3290B /* APIManager.swift */; };
		2C44102F1D15C70600C3290B /* AppConstants.swift in Sources */ = {isa = PBXBuildFile; fileRef = 2C44102A1D15C70600C3290B /* AppConstants.swift */; };
		2C4410301D15C70600C3290B /* AppUtilities.swift in Sources */ = {isa = PBXBuildFile; fileRef = 2C44102B1D15C70600C3290B /* AppUtilities.swift */; };
		2C4410311D15C70600C3290B /* Reachability.swift in Sources */ = {isa = PBXBuildFile; fileRef = 2C44102C1D15C70600C3290B /* Reachability.swift */; };
		2CEA40C51D15F9D600E92A5F /* BaseViewController.swift in Sources */ = {isa = PBXBuildFile; fileRef = 2CEA40C41D15F9D600E92A5F /* BaseViewController.swift */; };
		2CEA40C71D15F9E600E92A5F /* SignUPViewController.swift in Sources */ = {isa = PBXBuildFile; fileRef = 2CEA40C61D15F9E600E92A5F /* SignUPViewController.swift */; };
		2CEA40C91D15FA1A00E92A5F /* AddNewReminderViewController.swift in Sources */ = {isa = PBXBuildFile; fileRef = 2CEA40C81D15FA1A00E92A5F /* AddNewReminderViewController.swift */; };
		2CEA40CB1D15FA4000E92A5F /* DisplayAllRemindersViewController.swift in Sources */ = {isa = PBXBuildFile; fileRef = 2CEA40CA1D15FA4000E92A5F /* DisplayAllRemindersViewController.swift */; };
		2CEA40CE1D15FA6E00E92A5F /* Images.xcassets in Resources */ = {isa = PBXBuildFile; fileRef = 2CEA40CD1D15FA6E00E92A5F /* Images.xcassets */; };
		2CEA40D01D1615FF00E92A5F /* Test.db in Resources */ = {isa = PBXBuildFile; fileRef = 2CEA40CF1D1615FF00E92A5F /* Test.db */; };
		2CEA40D81D16161E00E92A5F /* ModelsClass.swift in Sources */ = {isa = PBXBuildFile; fileRef = 2CEA40D21D16161E00E92A5F /* ModelsClass.swift */; };
		2CEA40D91D16161E00E92A5F /* NotificationClass.swift in Sources */ = {isa = PBXBuildFile; fileRef = 2CEA40D31D16161E00E92A5F /* NotificationClass.swift */; };
		2CEA40DA1D16161E00E92A5F /* SQLiteDB.swift in Sources */ = {isa = PBXBuildFile; fileRef = 2CEA40D51D16161E00E92A5F /* SQLiteDB.swift */; };
		2CEA40DB1D16161E00E92A5F /* SQLTable.swift in Sources */ = {isa = PBXBuildFile; fileRef = 2CEA40D61D16161E00E92A5F /* SQLTable.swift */; };
		2CEA40DC1D16161E00E92A5F /* String-Extras.swift in Sources */ = {isa = PBXBuildFile; fileRef = 2CEA40D71D16161E00E92A5F /* String-Extras.swift */; };
		2CEA40DE1D16169E00E92A5F /* libsqlite3.0.tbd in Frameworks */ = {isa = PBXBuildFile; fileRef = 2CEA40DD1D16169E00E92A5F /* libsqlite3.0.tbd */; };
		2CEA40E31D1616DA00E92A5F /* MBProgressHUD.m in Sources */ = {isa = PBXBuildFile; fileRef = 2CEA40E21D1616DA00E92A5F /* MBProgressHUD.m */; };
		5AA2FABE876F01A21F480AB9 /* Pods_TestProject.framework in Frameworks */ = {isa = PBXBuildFile; fileRef = E44A3067922CCD712D4C67F3 /* Pods_TestProject.framework */; };
/* End PBXBuildFile section */

/* Begin PBXContainerItemProxy section */
		2C440FEE1D15C5F100C3290B /* PBXContainerItemProxy */ = {
			isa = PBXContainerItemProxy;
			containerPortal = 2C440FCE1D15C5F100C3290B /* Project object */;
			proxyType = 1;
			remoteGlobalIDString = 2C440FD51D15C5F100C3290B;
			remoteInfo = TestProject;
		};
		2C440FF91D15C5F100C3290B /* PBXContainerItemProxy */ = {
			isa = PBXContainerItemProxy;
			containerPortal = 2C440FCE1D15C5F100C3290B /* Project object */;
			proxyType = 1;
			remoteGlobalIDString = 2C440FD51D15C5F100C3290B;
			remoteInfo = TestProject;
		};
/* End PBXContainerItemProxy section */

/* Begin PBXFileReference section */
		2C440FD61D15C5F100C3290B /* TestProject.app */ = {isa = PBXFileReference; explicitFileType = wrapper.application; includeInIndex = 0; path = TestProject.app; sourceTree = BUILT_PRODUCTS_DIR; };
		2C440FD91D15C5F100C3290B /* AppDelegate.swift */ = {isa = PBXFileReference; lastKnownFileType = sourcecode.swift; path = AppDelegate.swift; sourceTree = "<group>"; };
		2C440FDB1D15C5F100C3290B /* ViewController.swift */ = {isa = PBXFileReference; lastKnownFileType = sourcecode.swift; path = ViewController.swift; sourceTree = "<group>"; };
		2C440FDE1D15C5F100C3290B /* Base */ = {isa = PBXFileReference; lastKnownFileType = file.storyboard; name = Base; path = Base.lproj/Main.storyboard; sourceTree = "<group>"; };
		2C440FE11D15C5F100C3290B /* TestProject.xcdatamodel */ = {isa = PBXFileReference; lastKnownFileType = wrapper.xcdatamodel; path = TestProject.xcdatamodel; sourceTree = "<group>"; };
		2C440FE31D15C5F100C3290B /* Assets.xcassets */ = {isa = PBXFileReference; lastKnownFileType = folder.assetcatalog; path = Assets.xcassets; sourceTree = "<group>"; };
		2C440FE61D15C5F100C3290B /* Base */ = {isa = PBXFileReference; lastKnownFileType = file.storyboard; name = Base; path = Base.lproj/LaunchScreen.storyboard; sourceTree = "<group>"; };
		2C440FE81D15C5F100C3290B /* Info.plist */ = {isa = PBXFileReference; lastKnownFileType = text.plist.xml; path = Info.plist; sourceTree = "<group>"; };
		2C440FED1D15C5F100C3290B /* TestProjectTests.xctest */ = {isa = PBXFileReference; explicitFileType = wrapper.cfbundle; includeInIndex = 0; path = TestProjectTests.xctest; sourceTree = BUILT_PRODUCTS_DIR; };
		2C440FF11D15C5F100C3290B /* TestProjectTests.swift */ = {isa = PBXFileReference; lastKnownFileType = sourcecode.swift; path = TestProjectTests.swift; sourceTree = "<group>"; };
		2C440FF31D15C5F100C3290B /* Info.plist */ = {isa = PBXFileReference; lastKnownFileType = text.plist.xml; path = Info.plist; sourceTree = "<group>"; };
		2C440FF81D15C5F100C3290B /* TestProjectUITests.xctest */ = {isa = PBXFileReference; explicitFileType = wrapper.cfbundle; includeInIndex = 0; path = TestProjectUITests.xctest; sourceTree = BUILT_PRODUCTS_DIR; };
		2C440FFC1D15C5F100C3290B /* TestProjectUITests.swift */ = {isa = PBXFileReference; lastKnownFileType = sourcecode.swift; path = TestProjectUITests.swift; sourceTree = "<group>"; };
		2C440FFE1D15C5F100C3290B /* Info.plist */ = {isa = PBXFileReference; lastKnownFileType = text.plist.xml; path = Info.plist; sourceTree = "<group>"; };
		2C44100B1D15C68000C3290B /* AFHTTPRequestOperation.h */ = {isa = PBXFileReference; fileEncoding = 4; lastKnownFileType = sourcecode.c.h; path = AFHTTPRequestOperation.h; sourceTree = "<group>"; };
		2C44100C1D15C68000C3290B /* AFHTTPRequestOperation.m */ = {isa = PBXFileReference; fileEncoding = 4; lastKnownFileType = sourcecode.c.objc; path = AFHTTPRequestOperation.m; sourceTree = "<group>"; };
		2C44100D1D15C68000C3290B /* AFHTTPRequestOperationManager.h */ = {isa = PBXFileReference; fileEncoding = 4; lastKnownFileType = sourcecode.c.h; path = AFHTTPRequestOperationManager.h; sourceTree = "<group>"; };
		2C44100E1D15C68000C3290B /* AFHTTPRequestOperationManager.m */ = {isa = PBXFileReference; fileEncoding = 4; lastKnownFileType = sourcecode.c.objc; path = AFHTTPRequestOperationManager.m; sourceTree = "<group>"; };
		2C44100F1D15C68000C3290B /* AFHTTPSessionManager.h */ = {isa = PBXFileReference; fileEncoding = 4; lastKnownFileType = sourcecode.c.h; path = AFHTTPSessionManager.h; sourceTree = "<group>"; };
		2C4410101D15C68000C3290B /* AFHTTPSessionManager.m */ = {isa = PBXFileReference; fileEncoding = 4; lastKnownFileType = sourcecode.c.objc; path = AFHTTPSessionManager.m; sourceTree = "<group>"; };
		2C4410111D15C68000C3290B /* AFNetworking.h */ = {isa = PBXFileReference; fileEncoding = 4; lastKnownFileType = sourcecode.c.h; path = AFNetworking.h; sourceTree = "<group>"; };
		2C4410121D15C68000C3290B /* AFNetworkReachabilityManager.h */ = {isa = PBXFileReference; fileEncoding = 4; lastKnownFileType = sourcecode.c.h; path = AFNetworkReachabilityManager.h; sourceTree = "<group>"; };
		2C4410131D15C68000C3290B /* AFNetworkReachabilityManager.m */ = {isa = PBXFileReference; fileEncoding = 4; lastKnownFileType = sourcecode.c.objc; path = AFNetworkReachabilityManager.m; sourceTree = "<group>"; };
		2C4410141D15C68000C3290B /* AFSecurityPolicy.h */ = {isa = PBXFileReference; fileEncoding = 4; lastKnownFileType = sourcecode.c.h; path = AFSecurityPolicy.h; sourceTree = "<group>"; };
		2C4410151D15C68000C3290B /* AFSecurityPolicy.m */ = {isa = PBXFileReference; fileEncoding = 4; lastKnownFileType = sourcecode.c.objc; path = AFSecurityPolicy.m; sourceTree = "<group>"; };
		2C4410161D15C68000C3290B /* AFURLConnectionOperation.h */ = {isa = PBXFileReference; fileEncoding = 4; lastKnownFileType = sourcecode.c.h; path = AFURLConnectionOperation.h; sourceTree = "<group>"; };
		2C4410171D15C68000C3290B /* AFURLConnectionOperation.m */ = {isa = PBXFileReference; fileEncoding = 4; lastKnownFileType = sourcecode.c.objc; path = AFURLConnectionOperation.m; sourceTree = "<group>"; };
		2C4410181D15C68000C3290B /* AFURLRequestSerialization.h */ = {isa = PBXFileReference; fileEncoding = 4; lastKnownFileType = sourcecode.c.h; path = AFURLRequestSerialization.h; sourceTree = "<group>"; };
		2C4410191D15C68000C3290B /* AFURLRequestSerialization.m */ = {isa = PBXFileReference; fileEncoding = 4; lastKnownFileType = sourcecode.c.objc; path = AFURLRequestSerialization.m; sourceTree = "<group>"; };
		2C44101A1D15C68000C3290B /* AFURLResponseSerialization.h */ = {isa = PBXFileReference; fileEncoding = 4; lastKnownFileType = sourcecode.c.h; path = AFURLResponseSerialization.h; sourceTree = "<group>"; };
		2C44101B1D15C68000C3290B /* AFURLResponseSerialization.m */ = {isa = PBXFileReference; fileEncoding = 4; lastKnownFileType = sourcecode.c.objc; path = AFURLResponseSerialization.m; sourceTree = "<group>"; };
		2C44101C1D15C68000C3290B /* AFURLSessionManager.h */ = {isa = PBXFileReference; fileEncoding = 4; lastKnownFileType = sourcecode.c.h; path = AFURLSessionManager.h; sourceTree = "<group>"; };
		2C44101D1D15C68000C3290B /* AFURLSessionManager.m */ = {isa = PBXFileReference; fileEncoding = 4; lastKnownFileType = sourcecode.c.objc; path = AFURLSessionManager.m; sourceTree = "<group>"; };
		2C4410281D15C70600C3290B /* APIConstants.swift */ = {isa = PBXFileReference; fileEncoding = 4; lastKnownFileType = sourcecode.swift; path = APIConstants.swift; sourceTree = "<group>"; };
		2C4410291D15C70600C3290B /* APIManager.swift */ = {isa = PBXFileReference; fileEncoding = 4; lastKnownFileType = sourcecode.swift; path = APIManager.swift; sourceTree = "<group>"; };
		2C44102A1D15C70600C3290B /* AppConstants.swift */ = {isa = PBXFileReference; fileEncoding = 4; lastKnownFileType = sourcecode.swift; path = AppConstants.swift; sourceTree = "<group>"; };
		2C44102B1D15C70600C3290B /* AppUtilities.swift */ = {isa = PBXFileReference; fileEncoding = 4; lastKnownFileType = sourcecode.swift; path = AppUtilities.swift; sourceTree = "<group>"; };
		2C44102C1D15C70600C3290B /* Reachability.swift */ = {isa = PBXFileReference; fileEncoding = 4; lastKnownFileType = sourcecode.swift; path = Reachability.swift; sourceTree = "<group>"; };
		2CEA40C41D15F9D600E92A5F /* BaseViewController.swift */ = {isa = PBXFileReference; fileEncoding = 4; lastKnownFileType = sourcecode.swift; path = BaseViewController.swift; sourceTree = "<group>"; };
		2CEA40C61D15F9E600E92A5F /* SignUPViewController.swift */ = {isa = PBXFileReference; fileEncoding = 4; lastKnownFileType = sourcecode.swift; path = SignUPViewController.swift; sourceTree = "<group>"; };
		2CEA40C81D15FA1A00E92A5F /* AddNewReminderViewController.swift */ = {isa = PBXFileReference; fileEncoding = 4; lastKnownFileType = sourcecode.swift; path = AddNewReminderViewController.swift; sourceTree = "<group>"; };
		2CEA40CA1D15FA4000E92A5F /* DisplayAllRemindersViewController.swift */ = {isa = PBXFileReference; fileEncoding = 4; lastKnownFileType = sourcecode.swift; path = DisplayAllRemindersViewController.swift; sourceTree = "<group>"; };
		2CEA40CD1D15FA6E00E92A5F /* Images.xcassets */ = {isa = PBXFileReference; lastKnownFileType = folder.assetcatalog; path = Images.xcassets; sourceTree = "<group>"; };
		2CEA40CF1D1615FF00E92A5F /* Test.db */ = {isa = PBXFileReference; lastKnownFileType = file; path = Test.db; sourceTree = "<group>"; };
		2CEA40D21D16161E00E92A5F /* ModelsClass.swift */ = {isa = PBXFileReference; fileEncoding = 4; lastKnownFileType = sourcecode.swift; path = ModelsClass.swift; sourceTree = "<group>"; };
		2CEA40D31D16161E00E92A5F /* NotificationClass.swift */ = {isa = PBXFileReference; fileEncoding = 4; lastKnownFileType = sourcecode.swift; path = NotificationClass.swift; sourceTree = "<group>"; };
		2CEA40D51D16161E00E92A5F /* SQLiteDB.swift */ = {isa = PBXFileReference; fileEncoding = 4; lastKnownFileType = sourcecode.swift; path = SQLiteDB.swift; sourceTree = "<group>"; };
		2CEA40D61D16161E00E92A5F /* SQLTable.swift */ = {isa = PBXFileReference; fileEncoding = 4; lastKnownFileType = sourcecode.swift; path = SQLTable.swift; sourceTree = "<group>"; };
		2CEA40D71D16161E00E92A5F /* String-Extras.swift */ = {isa = PBXFileReference; fileEncoding = 4; lastKnownFileType = sourcecode.swift; path = "String-Extras.swift"; sourceTree = "<group>"; };
		2CEA40DD1D16169E00E92A5F /* libsqlite3.0.tbd */ = {isa = PBXFileReference; lastKnownFileType = "sourcecode.text-based-dylib-definition"; name = libsqlite3.0.tbd; path = usr/lib/libsqlite3.0.tbd; sourceTree = SDKROOT; };
		2CEA40DF1D1616BB00E92A5F /* Bridging-Header.h */ = {isa = PBXFileReference; fileEncoding = 4; lastKnownFileType = sourcecode.c.h; path = "Bridging-Header.h"; sourceTree = "<group>"; };
		2CEA40E11D1616DA00E92A5F /* MBProgressHUD.h */ = {isa = PBXFileReference; fileEncoding = 4; lastKnownFileType = sourcecode.c.h; path = MBProgressHUD.h; sourceTree = "<group>"; };
		2CEA40E21D1616DA00E92A5F /* MBProgressHUD.m */ = {isa = PBXFileReference; fileEncoding = 4; lastKnownFileType = sourcecode.c.objc; path = MBProgressHUD.m; sourceTree = "<group>"; };
		48E352ACD8F02B7ABD16B704 /* Pods-TestProject.release.xcconfig */ = {isa = PBXFileReference; includeInIndex = 1; lastKnownFileType = text.xcconfig; name = "Pods-TestProject.release.xcconfig"; path = "Pods/Target Support Files/Pods-TestProject/Pods-TestProject.release.xcconfig"; sourceTree = "<group>"; };
		E44A3067922CCD712D4C67F3 /* Pods_TestProject.framework */ = {isa = PBXFileReference; explicitFileType = wrapper.framework; includeInIndex = 0; path = Pods_TestProject.framework; sourceTree = BUILT_PRODUCTS_DIR; };
		F4DD380775FF12D54D0EC974 /* Pods-TestProject.debug.xcconfig */ = {isa = PBXFileReference; includeInIndex = 1; lastKnownFileType = text.xcconfig; name = "Pods-TestProject.debug.xcconfig"; path = "Pods/Target Support Files/Pods-TestProject/Pods-TestProject.debug.xcconfig"; sourceTree = "<group>"; };
/* End PBXFileReference section */

/* Begin PBXFrameworksBuildPhase section */
		2C440FD31D15C5F100C3290B /* Frameworks */ = {
			isa = PBXFrameworksBuildPhase;
			buildActionMask = 2147483647;
			files = (
				2CEA40DE1D16169E00E92A5F /* libsqlite3.0.tbd in Frameworks */,
				5AA2FABE876F01A21F480AB9 /* Pods_TestProject.framework in Frameworks */,
			);
			runOnlyForDeploymentPostprocessing = 0;
		};
		2C440FEA1D15C5F100C3290B /* Frameworks */ = {
			isa = PBXFrameworksBuildPhase;
			buildActionMask = 2147483647;
			files = (
			);
			runOnlyForDeploymentPostprocessing = 0;
		};
		2C440FF51D15C5F100C3290B /* Frameworks */ = {
			isa = PBXFrameworksBuildPhase;
			buildActionMask = 2147483647;
			files = (
			);
			runOnlyForDeploymentPostprocessing = 0;
		};
/* End PBXFrameworksBuildPhase section */

/* Begin PBXGroup section */
		12B6CBBE766AF98C4107BE1B /* Frameworks */ = {
			isa = PBXGroup;
			children = (
				2CEA40DD1D16169E00E92A5F /* libsqlite3.0.tbd */,
				E44A3067922CCD712D4C67F3 /* Pods_TestProject.framework */,
			);
			name = Frameworks;
			sourceTree = "<group>";
		};
		2C440FCD1D15C5F100C3290B = {
			isa = PBXGroup;
			children = (
				2C440FD81D15C5F100C3290B /* TestProject */,
				2C440FF01D15C5F100C3290B /* TestProjectTests */,
				2C440FFB1D15C5F100C3290B /* TestProjectUITests */,
				2C440FD71D15C5F100C3290B /* Products */,
				509021FCF9411DBFE0936441 /* Pods */,
				12B6CBBE766AF98C4107BE1B /* Frameworks */,
			);
			sourceTree = "<group>";
		};
		2C440FD71D15C5F100C3290B /* Products */ = {
			isa = PBXGroup;
			children = (
				2C440FD61D15C5F100C3290B /* TestProject.app */,
				2C440FED1D15C5F100C3290B /* TestProjectTests.xctest */,
				2C440FF81D15C5F100C3290B /* TestProjectUITests.xctest */,
			);
			name = Products;
			sourceTree = "<group>";
		};
		2C440FD81D15C5F100C3290B /* TestProject */ = {
			isa = PBXGroup;
			children = (
				2CEA40CF1D1615FF00E92A5F /* Test.db */,
				2CEA40DF1D1616BB00E92A5F /* Bridging-Header.h */,
				2CEA40E01D1616DA00E92A5F /* MBProgressHUD */,
				2CEA40D11D16161E00E92A5F /* ModelClass */,
				2CEA40D41D16161E00E92A5F /* SqliteDB */,
				2CEA40CC1D15FA6E00E92A5F /* Graphics */,
				2C4410271D15C70600C3290B /* AppConstants */,
				2C44100A1D15C68000C3290B /* AFNetworking */,
				2C440FD91D15C5F100C3290B /* AppDelegate.swift */,
				2CEA40C41D15F9D600E92A5F /* BaseViewController.swift */,
				2C440FDB1D15C5F100C3290B /* ViewController.swift */,
				2CEA40C61D15F9E600E92A5F /* SignUPViewController.swift */,
				2CEA40C81D15FA1A00E92A5F /* AddNewReminderViewController.swift */,
				2CEA40CA1D15FA4000E92A5F /* DisplayAllRemindersViewController.swift */,
				2C440FDD1D15C5F100C3290B /* Main.storyboard */,
				2C440FE31D15C5F100C3290B /* Assets.xcassets */,
				2C440FE51D15C5F100C3290B /* LaunchScreen.storyboard */,
				2C440FE81D15C5F100C3290B /* Info.plist */,
				2C440FE01D15C5F100C3290B /* TestProject.xcdatamodeld */,
			);
			path = TestProject;
			sourceTree = "<group>";
		};
		2C440FF01D15C5F100C3290B /* TestProjectTests */ = {
			isa = PBXGroup;
			children = (
				2C440FF11D15C5F100C3290B /* TestProjectTests.swift */,
				2C440FF31D15C5F100C3290B /* Info.plist */,
			);
			path = TestProjectTests;
			sourceTree = "<group>";
		};
		2C440FFB1D15C5F100C3290B /* TestProjectUITests */ = {
			isa = PBXGroup;
			children = (
				2C440FFC1D15C5F100C3290B /* TestProjectUITests.swift */,
				2C440FFE1D15C5F100C3290B /* Info.plist */,
			);
			path = TestProjectUITests;
			sourceTree = "<group>";
		};
		2C44100A1D15C68000C3290B /* AFNetworking */ = {
			isa = PBXGroup;
			children = (
				2C44100B1D15C68000C3290B /* AFHTTPRequestOperation.h */,
				2C44100C1D15C68000C3290B /* AFHTTPRequestOperation.m */,
				2C44100D1D15C68000C3290B /* AFHTTPRequestOperationManager.h */,
				2C44100E1D15C68000C3290B /* AFHTTPRequestOperationManager.m */,
				2C44100F1D15C68000C3290B /* AFHTTPSessionManager.h */,
				2C4410101D15C68000C3290B /* AFHTTPSessionManager.m */,
				2C4410111D15C68000C3290B /* AFNetworking.h */,
				2C4410121D15C68000C3290B /* AFNetworkReachabilityManager.h */,
				2C4410131D15C68000C3290B /* AFNetworkReachabilityManager.m */,
				2C4410141D15C68000C3290B /* AFSecurityPolicy.h */,
				2C4410151D15C68000C3290B /* AFSecurityPolicy.m */,
				2C4410161D15C68000C3290B /* AFURLConnectionOperation.h */,
				2C4410171D15C68000C3290B /* AFURLConnectionOperation.m */,
				2C4410181D15C68000C3290B /* AFURLRequestSerialization.h */,
				2C4410191D15C68000C3290B /* AFURLRequestSerialization.m */,
				2C44101A1D15C68000C3290B /* AFURLResponseSerialization.h */,
				2C44101B1D15C68000C3290B /* AFURLResponseSerialization.m */,
				2C44101C1D15C68000C3290B /* AFURLSessionManager.h */,
				2C44101D1D15C68000C3290B /* AFURLSessionManager.m */,
			);
			path = AFNetworking;
			sourceTree = "<group>";
		};
		2C4410271D15C70600C3290B /* AppConstants */ = {
			isa = PBXGroup;
			children = (
				2C4410281D15C70600C3290B /* APIConstants.swift */,
				2C4410291D15C70600C3290B /* APIManager.swift */,
				2C44102A1D15C70600C3290B /* AppConstants.swift */,
				2C44102B1D15C70600C3290B /* AppUtilities.swift */,
				2C44102C1D15C70600C3290B /* Reachability.swift */,
			);
			path = AppConstants;
			sourceTree = "<group>";
		};
		2CEA40CC1D15FA6E00E92A5F /* Graphics */ = {
			isa = PBXGroup;
			children = (
				2CEA40CD1D15FA6E00E92A5F /* Images.xcassets */,
			);
			path = Graphics;
			sourceTree = "<group>";
		};
		2CEA40D11D16161E00E92A5F /* ModelClass */ = {
			isa = PBXGroup;
			children = (
				2CEA40D21D16161E00E92A5F /* ModelsClass.swift */,
				2CEA40D31D16161E00E92A5F /* NotificationClass.swift */,
			);
			path = ModelClass;
			sourceTree = "<group>";
		};
		2CEA40D41D16161E00E92A5F /* SqliteDB */ = {
			isa = PBXGroup;
			children = (
				2CEA40D51D16161E00E92A5F /* SQLiteDB.swift */,
				2CEA40D61D16161E00E92A5F /* SQLTable.swift */,
				2CEA40D71D16161E00E92A5F /* String-Extras.swift */,
			);
			path = SqliteDB;
			sourceTree = "<group>";
		};
		2CEA40E01D1616DA00E92A5F /* MBProgressHUD */ = {
			isa = PBXGroup;
			children = (
				2CEA40E11D1616DA00E92A5F /* MBProgressHUD.h */,
				2CEA40E21D1616DA00E92A5F /* MBProgressHUD.m */,
			);
			path = MBProgressHUD;
			sourceTree = "<group>";
		};
		509021FCF9411DBFE0936441 /* Pods */ = {
			isa = PBXGroup;
			children = (
				F4DD380775FF12D54D0EC974 /* Pods-TestProject.debug.xcconfig */,
				48E352ACD8F02B7ABD16B704 /* Pods-TestProject.release.xcconfig */,
			);
			name = Pods;
			sourceTree = "<group>";
		};
/* End PBXGroup section */

/* Begin PBXNativeTarget section */
		2C440FD51D15C5F100C3290B /* TestProject */ = {
			isa = PBXNativeTarget;
			buildConfigurationList = 2C4410011D15C5F100C3290B /* Build configuration list for PBXNativeTarget "TestProject" */;
			buildPhases = (
				52D6C976A7B5F57CFFBA54BD /* [CP] Check Pods Manifest.lock */,
				2C440FD21D15C5F100C3290B /* Sources */,
				2C440FD31D15C5F100C3290B /* Frameworks */,
				2C440FD41D15C5F100C3290B /* Resources */,
				BC880D5322D3469BAEC58622 /* [CP] Embed Pods Frameworks */,
				116CF375CA678D84118AB12C /* [CP] Copy Pods Resources */,
			);
			buildRules = (
			);
			dependencies = (
			);
			name = TestProject;
			productName = TestProject;
			productReference = 2C440FD61D15C5F100C3290B /* TestProject.app */;
			productType = "com.apple.product-type.application";
		};
		2C440FEC1D15C5F100C3290B /* TestProjectTests */ = {
			isa = PBXNativeTarget;
			buildConfigurationList = 2C4410041D15C5F100C3290B /* Build configuration list for PBXNativeTarget "TestProjectTests" */;
			buildPhases = (
				2C440FE91D15C5F100C3290B /* Sources */,
				2C440FEA1D15C5F100C3290B /* Frameworks */,
				2C440FEB1D15C5F100C3290B /* Resources */,
			);
			buildRules = (
			);
			dependencies = (
				2C440FEF1D15C5F100C3290B /* PBXTargetDependency */,
			);
			name = TestProjectTests;
			productName = TestProjectTests;
			productReference = 2C440FED1D15C5F100C3290B /* TestProjectTests.xctest */;
			productType = "com.apple.product-type.bundle.unit-test";
		};
		2C440FF71D15C5F100C3290B /* TestProjectUITests */ = {
			isa = PBXNativeTarget;
			buildConfigurationList = 2C4410071D15C5F100C3290B /* Build configuration list for PBXNativeTarget "TestProjectUITests" */;
			buildPhases = (
				2C440FF41D15C5F100C3290B /* Sources */,
				2C440FF51D15C5F100C3290B /* Frameworks */,
				2C440FF61D15C5F100C3290B /* Resources */,
			);
			buildRules = (
			);
			dependencies = (
				2C440FFA1D15C5F100C3290B /* PBXTargetDependency */,
			);
			name = TestProjectUITests;
			productName = TestProjectUITests;
			productReference = 2C440FF81D15C5F100C3290B /* TestProjectUITests.xctest */;
			productType = "com.apple.product-type.bundle.ui-testing";
		};
/* End PBXNativeTarget section */

/* Begin PBXProject section */
		2C440FCE1D15C5F100C3290B /* Project object */ = {
			isa = PBXProject;
			attributes = {
				LastSwiftUpdateCheck = 0730;
				LastUpgradeCheck = 0730;
				ORGANIZATIONNAME = "Pavan Gandhi";
				TargetAttributes = {
					2C440FD51D15C5F100C3290B = {
						CreatedOnToolsVersion = 7.3.1;
					};
					2C440FEC1D15C5F100C3290B = {
						CreatedOnToolsVersion = 7.3.1;
						TestTargetID = 2C440FD51D15C5F100C3290B;
					};
					2C440FF71D15C5F100C3290B = {
						CreatedOnToolsVersion = 7.3.1;
						TestTargetID = 2C440FD51D15C5F100C3290B;
					};
				};
			};
			buildConfigurationList = 2C440FD11D15C5F100C3290B /* Build configuration list for PBXProject "TestProject" */;
			compatibilityVersion = "Xcode 3.2";
			developmentRegion = English;
			hasScannedForEncodings = 0;
			knownRegions = (
				en,
				Base,
			);
			mainGroup = 2C440FCD1D15C5F100C3290B;
			productRefGroup = 2C440FD71D15C5F100C3290B /* Products */;
			projectDirPath = "";
			projectRoot = "";
			targets = (
				2C440FD51D15C5F100C3290B /* TestProject */,
				2C440FEC1D15C5F100C3290B /* TestProjectTests */,
				2C440FF71D15C5F100C3290B /* TestProjectUITests */,
			);
		};
/* End PBXProject section */

/* Begin PBXResourcesBuildPhase section */
		2C440FD41D15C5F100C3290B /* Resources */ = {
			isa = PBXResourcesBuildPhase;
			buildActionMask = 2147483647;
			files = (
				2C440FE71D15C5F100C3290B /* LaunchScreen.storyboard in Resources */,
				2CEA40CE1D15FA6E00E92A5F /* Images.xcassets in Resources */,
				2CEA40D01D1615FF00E92A5F /* Test.db in Resources */,
				2C440FE41D15C5F100C3290B /* Assets.xcassets in Resources */,
				2C440FDF1D15C5F100C3290B /* Main.storyboard in Resources */,
			);
			runOnlyForDeploymentPostprocessing = 0;
		};
		2C440FEB1D15C5F100C3290B /* Resources */ = {
			isa = PBXResourcesBuildPhase;
			buildActionMask = 2147483647;
			files = (
			);
			runOnlyForDeploymentPostprocessing = 0;
		};
		2C440FF61D15C5F100C3290B /* Resources */ = {
			isa = PBXResourcesBuildPhase;
			buildActionMask = 2147483647;
			files = (
			);
			runOnlyForDeploymentPostprocessing = 0;
		};
/* End PBXResourcesBuildPhase section */

/* Begin PBXShellScriptBuildPhase section */
		116CF375CA678D84118AB12C /* [CP] Copy Pods Resources */ = {
			isa = PBXShellScriptBuildPhase;
			buildActionMask = 2147483647;
			files = (
			);
			inputPaths = (
			);
			name = "[CP] Copy Pods Resources";
			outputPaths = (
			);
			runOnlyForDeploymentPostprocessing = 0;
			shellPath = /bin/sh;
			shellScript = "\"${SRCROOT}/Pods/Target Support Files/Pods-TestProject/Pods-TestProject-resources.sh\"\n";
			showEnvVarsInLog = 0;
		};
		52D6C976A7B5F57CFFBA54BD /* [CP] Check Pods Manifest.lock */ = {
			isa = PBXShellScriptBuildPhase;
			buildActionMask = 2147483647;
			files = (
			);
			inputPaths = (
			);
			name = "[CP] Check Pods Manifest.lock";
			outputPaths = (
			);
			runOnlyForDeploymentPostprocessing = 0;
			shellPath = /bin/sh;
			shellScript = "diff \"${PODS_ROOT}/../Podfile.lock\" \"${PODS_ROOT}/Manifest.lock\" > /dev/null\nif [[ $? != 0 ]] ; then\n    cat << EOM\nerror: The sandbox is not in sync with the Podfile.lock. Run 'pod install' or update your CocoaPods installation.\nEOM\n    exit 1\nfi\n";
			showEnvVarsInLog = 0;
		};
		BC880D5322D3469BAEC58622 /* [CP] Embed Pods Frameworks */ = {
			isa = PBXShellScriptBuildPhase;
			buildActionMask = 2147483647;
			files = (
			);
			inputPaths = (
			);
			name = "[CP] Embed Pods Frameworks";
			outputPaths = (
			);
			runOnlyForDeploymentPostprocessing = 0;
			shellPath = /bin/sh;
			shellScript = "\"${SRCROOT}/Pods/Target Support Files/Pods-TestProject/Pods-TestProject-frameworks.sh\"\n";
			showEnvVarsInLog = 0;
		};
/* End PBXShellScriptBuildPhase section */

/* Begin PBXSourcesBuildPhase section */
		2C440FD21D15C5F100C3290B /* Sources */ = {
			isa = PBXSourcesBuildPhase;
			buildActionMask = 2147483647;
			files = (
				2C44101E1D15C68000C3290B /* AFHTTPRequestOperation.m in Sources */,
				2C440FDC1D15C5F100C3290B /* ViewController.swift in Sources */,
				2C44102D1D15C70600C3290B /* APIConstants.swift in Sources */,
				2CEA40D91D16161E00E92A5F /* NotificationClass.swift in Sources */,
				2C44101F1D15C68000C3290B /* AFHTTPRequestOperationManager.m in Sources */,
				2C44102F1D15C70600C3290B /* AppConstants.swift in Sources */,
				2CEA40C91D15FA1A00E92A5F /* AddNewReminderViewController.swift in Sources */,
				2CEA40D81D16161E00E92A5F /* ModelsClass.swift in Sources */,
				2CEA40C51D15F9D600E92A5F /* BaseViewController.swift in Sources */,
				2CEA40DB1D16161E00E92A5F /* SQLTable.swift in Sources */,
				2CEA40DA1D16161E00E92A5F /* SQLiteDB.swift in Sources */,
				2C4410211D15C68000C3290B /* AFNetworkReachabilityManager.m in Sources */,
				2C4410311D15C70600C3290B /* Reachability.swift in Sources */,
				2CEA40E31D1616DA00E92A5F /* MBProgressHUD.m in Sources */,
				2C4410251D15C68000C3290B /* AFURLResponseSerialization.m in Sources */,
				2CEA40C71D15F9E600E92A5F /* SignUPViewController.swift in Sources */,
				2CEA40DC1D16161E00E92A5F /* String-Extras.swift in Sources */,
				2C44102E1D15C70600C3290B /* APIManager.swift in Sources */,
				2C4410231D15C68000C3290B /* AFURLConnectionOperation.m in Sources */,
				2C4410221D15C68000C3290B /* AFSecurityPolicy.m in Sources */,
				2C4410301D15C70600C3290B /* AppUtilities.swift in Sources */,
				2C4410201D15C68000C3290B /* AFHTTPSessionManager.m in Sources */,
				2C4410241D15C68000C3290B /* AFURLRequestSerialization.m in Sources */,
				2CEA40CB1D15FA4000E92A5F /* DisplayAllRemindersViewController.swift in Sources */,
				2C4410261D15C68000C3290B /* AFURLSessionManager.m in Sources */,
				2C440FE21D15C5F100C3290B /* TestProject.xcdatamodeld in Sources */,
				2C440FDA1D15C5F100C3290B /* AppDelegate.swift in Sources */,
			);
			runOnlyForDeploymentPostprocessing = 0;
		};
		2C440FE91D15C5F100C3290B /* Sources */ = {
			isa = PBXSourcesBuildPhase;
			buildActionMask = 2147483647;
			files = (
				2C440FF21D15C5F100C3290B /* TestProjectTests.swift in Sources */,
			);
			runOnlyForDeploymentPostprocessing = 0;
		};
		2C440FF41D15C5F100C3290B /* Sources */ = {
			isa = PBXSourcesBuildPhase;
			buildActionMask = 2147483647;
			files = (
				2C440FFD1D15C5F100C3290B /* TestProjectUITests.swift in Sources */,
			);
			runOnlyForDeploymentPostprocessing = 0;
		};
/* End PBXSourcesBuildPhase section */

/* Begin PBXTargetDependency section */
		2C440FEF1D15C5F100C3290B /* PBXTargetDependency */ = {
			isa = PBXTargetDependency;
			target = 2C440FD51D15C5F100C3290B /* TestProject */;
			targetProxy = 2C440FEE1D15C5F100C3290B /* PBXContainerItemProxy */;
		};
		2C440FFA1D15C5F100C3290B /* PBXTargetDependency */ = {
			isa = PBXTargetDependency;
			target = 2C440FD51D15C5F100C3290B /* TestProject */;
			targetProxy = 2C440FF91D15C5F100C3290B /* PBXContainerItemProxy */;
		};
/* End PBXTargetDependency section */

/* Begin PBXVariantGroup section */
		2C440FDD1D15C5F100C3290B /* Main.storyboard */ = {
			isa = PBXVariantGroup;
			children = (
				2C440FDE1D15C5F100C3290B /* Base */,
			);
			name = Main.storyboard;
			sourceTree = "<group>";
		};
		2C440FE51D15C5F100C3290B /* LaunchScreen.storyboard */ = {
			isa = PBXVariantGroup;
			children = (
				2C440FE61D15C5F100C3290B /* Base */,
			);
			name = LaunchScreen.storyboard;
			sourceTree = "<group>";
		};
/* End PBXVariantGroup section */

/* Begin XCBuildConfiguration section */
		2C440FFF1D15C5F100C3290B /* Debug */ = {
			isa = XCBuildConfiguration;
			buildSettings = {
				ALWAYS_SEARCH_USER_PATHS = NO;
				CLANG_ANALYZER_NONNULL = YES;
				CLANG_CXX_LANGUAGE_STANDARD = "gnu++0x";
				CLANG_CXX_LIBRARY = "libc++";
				CLANG_ENABLE_MODULES = YES;
				CLANG_ENABLE_OBJC_ARC = YES;
				CLANG_WARN_BOOL_CONVERSION = YES;
				CLANG_WARN_CONSTANT_CONVERSION = YES;
				CLANG_WARN_DIRECT_OBJC_ISA_USAGE = YES_ERROR;
				CLANG_WARN_EMPTY_BODY = YES;
				CLANG_WARN_ENUM_CONVERSION = YES;
				CLANG_WARN_INT_CONVERSION = YES;
				CLANG_WARN_OBJC_ROOT_CLASS = YES_ERROR;
				CLANG_WARN_UNREACHABLE_CODE = YES;
				CLANG_WARN__DUPLICATE_METHOD_MATCH = YES;
				"CODE_SIGN_IDENTITY[sdk=iphoneos*]" = "iPhone Developer";
				COPY_PHASE_STRIP = NO;
				DEBUG_INFORMATION_FORMAT = dwarf;
				ENABLE_STRICT_OBJC_MSGSEND = YES;
				ENABLE_TESTABILITY = YES;
				GCC_C_LANGUAGE_STANDARD = gnu99;
				GCC_DYNAMIC_NO_PIC = NO;
				GCC_NO_COMMON_BLOCKS = YES;
				GCC_OPTIMIZATION_LEVEL = 0;
				GCC_PREPROCESSOR_DEFINITIONS = (
					"DEBUG=1",
					"$(inherited)",
				);
				GCC_WARN_64_TO_32_BIT_CONVERSION = YES;
				GCC_WARN_ABOUT_RETURN_TYPE = YES_ERROR;
				GCC_WARN_UNDECLARED_SELECTOR = YES;
				GCC_WARN_UNINITIALIZED_AUTOS = YES_AGGRESSIVE;
				GCC_WARN_UNUSED_FUNCTION = YES;
				GCC_WARN_UNUSED_VARIABLE = YES;
				IPHONEOS_DEPLOYMENT_TARGET = 9.3;
				MTL_ENABLE_DEBUG_INFO = YES;
				ONLY_ACTIVE_ARCH = YES;
				SDKROOT = iphoneos;
				SWIFT_OPTIMIZATION_LEVEL = "-Onone";
				TARGETED_DEVICE_FAMILY = "1,2";
			};
			name = Debug;
		};
		2C4410001D15C5F100C3290B /* Release */ = {
			isa = XCBuildConfiguration;
			buildSettings = {
				ALWAYS_SEARCH_USER_PATHS = NO;
				CLANG_ANALYZER_NONNULL = YES;
				CLANG_CXX_LANGUAGE_STANDARD = "gnu++0x";
				CLANG_CXX_LIBRARY = "libc++";
				CLANG_ENABLE_MODULES = YES;
				CLANG_ENABLE_OBJC_ARC = YES;
				CLANG_WARN_BOOL_CONVERSION = YES;
				CLANG_WARN_CONSTANT_CONVERSION = YES;
				CLANG_WARN_DIRECT_OBJC_ISA_USAGE = YES_ERROR;
				CLANG_WARN_EMPTY_BODY = YES;
				CLANG_WARN_ENUM_CONVERSION = YES;
				CLANG_WARN_INT_CONVERSION = YES;
				CLANG_WARN_OBJC_ROOT_CLASS = YES_ERROR;
				CLANG_WARN_UNREACHABLE_CODE = YES;
				CLANG_WARN__DUPLICATE_METHOD_MATCH = YES;
				"CODE_SIGN_IDENTITY[sdk=iphoneos*]" = "iPhone Developer";
				COPY_PHASE_STRIP = NO;
				DEBUG_INFORMATION_FORMAT = "dwarf-with-dsym";
				ENABLE_NS_ASSERTIONS = NO;
				ENABLE_STRICT_OBJC_MSGSEND = YES;
				GCC_C_LANGUAGE_STANDARD = gnu99;
				GCC_NO_COMMON_BLOCKS = YES;
				GCC_WARN_64_TO_32_BIT_CONVERSION = YES;
				GCC_WARN_ABOUT_RETURN_TYPE = YES_ERROR;
				GCC_WARN_UNDECLARED_SELECTOR = YES;
				GCC_WARN_UNINITIALIZED_AUTOS = YES_AGGRESSIVE;
				GCC_WARN_UNUSED_FUNCTION = YES;
				GCC_WARN_UNUSED_VARIABLE = YES;
				IPHONEOS_DEPLOYMENT_TARGET = 9.3;
				MTL_ENABLE_DEBUG_INFO = NO;
				SDKROOT = iphoneos;
				TARGETED_DEVICE_FAMILY = "1,2";
				VALIDATE_PRODUCT = YES;
			};
			name = Release;
		};
		2C4410021D15C5F100C3290B /* Debug */ = {
			isa = XCBuildConfiguration;
			baseConfigurationReference = F4DD380775FF12D54D0EC974 /* Pods-TestProject.debug.xcconfig */;
			buildSettings = {
				ASSETCATALOG_COMPILER_APPICON_NAME = AppIcon;
				INFOPLIST_FILE = TestProject/Info.plist;
				LD_RUNPATH_SEARCH_PATHS = "$(inherited) @executable_path/Frameworks";
				PRODUCT_BUNDLE_IDENTIFIER = com.calendar.TestProject;
				PRODUCT_NAME = "$(TARGET_NAME)";
				SWIFT_OBJC_BRIDGING_HEADER = "TestProject/Bridging-Header.h";
			};
			name = Debug;
		};
		2C4410031D15C5F100C3290B /* Release */ = {
			isa = XCBuildConfiguration;
			baseConfigurationReference = 48E352ACD8F02B7ABD16B704 /* Pods-TestProject.release.xcconfig */;
			buildSettings = {
				ASSETCATALOG_COMPILER_APPICON_NAME = AppIcon;
				INFOPLIST_FILE = TestProject/Info.plist;
				LD_RUNPATH_SEARCH_PATHS = "$(inherited) @executable_path/Frameworks";
				PRODUCT_BUNDLE_IDENTIFIER = com.calendar.TestProject;
				PRODUCT_NAME = "$(TARGET_NAME)";
				SWIFT_OBJC_BRIDGING_HEADER = "TestProject/Bridging-Header.h";
			};
			name = Release;
		};
		2C4410051D15C5F100C3290B /* Debug */ = {
			isa = XCBuildConfiguration;
			buildSettings = {
				BUNDLE_LOADER = "$(TEST_HOST)";
				INFOPLIST_FILE = TestProjectTests/Info.plist;
				LD_RUNPATH_SEARCH_PATHS = "$(inherited) @executable_path/Frameworks @loader_path/Frameworks";
				PRODUCT_BUNDLE_IDENTIFIER = com.calendar.TestProjectTests;
				PRODUCT_NAME = "$(TARGET_NAME)";
				TEST_HOST = "$(BUILT_PRODUCTS_DIR)/TestProject.app/TestProject";
			};
			name = Debug;
		};
		2C4410061D15C5F100C3290B /* Release */ = {
			isa = XCBuildConfiguration;
			buildSettings = {
				BUNDLE_LOADER = "$(TEST_HOST)";
				INFOPLIST_FILE = TestProjectTests/Info.plist;
				LD_RUNPATH_SEARCH_PATHS = "$(inherited) @executable_path/Frameworks @loader_path/Frameworks";
				PRODUCT_BUNDLE_IDENTIFIER = com.calendar.TestProjectTests;
				PRODUCT_NAME = "$(TARGET_NAME)";
				TEST_HOST = "$(BUILT_PRODUCTS_DIR)/TestProject.app/TestProject";
			};
			name = Release;
		};
		2C4410081D15C5F100C3290B /* Debug */ = {
			isa = XCBuildConfiguration;
			buildSettings = {
				INFOPLIST_FILE = TestProjectUITests/Info.plist;
				LD_RUNPATH_SEARCH_PATHS = "$(inherited) @executable_path/Frameworks @loader_path/Frameworks";
				PRODUCT_BUNDLE_IDENTIFIER = com.calendar.TestProjectUITests;
				PRODUCT_NAME = "$(TARGET_NAME)";
				TEST_TARGET_NAME = TestProject;
			};
			name = Debug;
		};
		2C4410091D15C5F100C3290B /* Release */ = {
			isa = XCBuildConfiguration;
			buildSettings = {
				INFOPLIST_FILE = TestProjectUITests/Info.plist;
				LD_RUNPATH_SEARCH_PATHS = "$(inherited) @executable_path/Frameworks @loader_path/Frameworks";
				PRODUCT_BUNDLE_IDENTIFIER = com.calendar.TestProjectUITests;
				PRODUCT_NAME = "$(TARGET_NAME)";
				TEST_TARGET_NAME = TestProject;
			};
			name = Release;
		};
/* End XCBuildConfiguration section */

/* Begin XCConfigurationList section */
		2C440FD11D15C5F100C3290B /* Build configuration list for PBXProject "TestProject" */ = {
			isa = XCConfigurationList;
			buildConfigurations = (
				2C440FFF1D15C5F100C3290B /* Debug */,
				2C4410001D15C5F100C3290B /* Release */,
			);
			defaultConfigurationIsVisible = 0;
			defaultConfigurationName = Release;
		};
		2C4410011D15C5F100C3290B /* Build configuration list for PBXNativeTarget "TestProject" */ = {
			isa = XCConfigurationList;
			buildConfigurations = (
				2C4410021D15C5F100C3290B /* Debug */,
				2C4410031D15C5F100C3290B /* Release */,
			);
			defaultConfigurationIsVisible = 0;
			defaultConfigurationName = Release;
		};
		2C4410041D15C5F100C3290B /* Build configuration list for PBXNativeTarget "TestProjectTests" */ = {
			isa = XCConfigurationList;
			buildConfigurations = (
				2C4410051D15C5F100C3290B /* Debug */,
				2C4410061D15C5F100C3290B /* Release */,
			);
			defaultConfigurationIsVisible = 0;
			defaultConfigurationName = Release;
		};
		2C4410071D15C5F100C3290B /* Build configuration list for PBXNativeTarget "TestProjectUITests" */ = {
			isa = XCConfigurationList;
			buildConfigurations = (
				2C4410081D15C5F100C3290B /* Debug */,
				2C4410091D15C5F100C3290B /* Release */,
			);
			defaultConfigurationIsVisible = 0;
			defaultConfigurationName = Release;
		};
/* End XCConfigurationList section */

/* Begin XCVersionGroup section */
		2C440FE01D15C5F100C3290B /* TestProject.xcdatamodeld */ = {
			isa = XCVersionGroup;
			children = (
				2C440FE11D15C5F100C3290B /* TestProject.xcdatamodel */,
			);
			currentVersion = 2C440FE11D15C5F100C3290B /* TestProject.xcdatamodel */;
			path = TestProject.xcdatamodeld;
			sourceTree = "<group>";
			versionGroupType = wrapper.xcdatamodel;
		};
/* End XCVersionGroup section */
	};
	rootObject = 2C440FCE1D15C5F100C3290B /* Project object */;
}
